<?xml version="1.0" encoding="utf-8"?>
<Project ToolsVersion="4.0" xmlns="http://schemas.microsoft.com/developer/msbuild/2003">
  <ItemGroup>
    <ClCompile Include="CLook.cpp" />
    <ClCompile Include="dpp.cpp" />
    <ClCompile Include="dppVisual.cpp" />
    <ClCompile Include="GanttChart.cpp" />
    <ClCompile Include="Index.cpp" />
    <ClCompile Include="My.cpp" />
    <ClCompile Include="MyUserControl.cpp" />
    <ClCompile Include="sjf.cpp" />
  </ItemGroup>
  <ItemGroup>
    <ClInclude Include="CLook.h" />
    <ClInclude Include="CLookAlgo.h" />
    <ClInclude Include="dpp.h" />
    <ClInclude Include="dppVisual.h" />
    <ClInclude Include="GanttChart.h" />
    <ClInclude Include="Index.h" />
    <ClInclude Include="My.h" />
    <ClInclude Include="sjf.h" />
    <ClInclude Include="SjfComponents.h" />
  </ItemGroup>
</Project>